// !$*UTF8*$!
{
	archiveVersion = 1;
	classes = {
	};
	objectVersion = 46;
	objects = {

/* Begin PBXBuildFile section */
		6EB033B01E7A373900D54436 /* JavaScriptCore.framework in Frameworks */ = {isa = PBXBuildFile; fileRef = 6EB033AF1E7A373900D54436 /* JavaScriptCore.framework */; };
		6EB033BD1E7A777700D54436 /* config in Resources */ = {isa = PBXBuildFile; fileRef = 6EB033B61E7A777700D54436 /* config */; };
		6EB033BE1E7A777700D54436 /* css in Resources */ = {isa = PBXBuildFile; fileRef = 6EB033B71E7A777700D54436 /* css */; };
		6EB033BF1E7A777700D54436 /* img in Resources */ = {isa = PBXBuildFile; fileRef = 6EB033B81E7A777700D54436 /* img */; };
		6EB033C01E7A777700D54436 /* index.html in Resources */ = {isa = PBXBuildFile; fileRef = 6EB033B91E7A777700D54436 /* index.html */; };
		6EB033C11E7A777700D54436 /* js in Resources */ = {isa = PBXBuildFile; fileRef = 6EB033BA1E7A777700D54436 /* js */; };
		6EB033C21E7A777700D54436 /* view in Resources */ = {isa = PBXBuildFile; fileRef = 6EB033BB1E7A777700D54436 /* view */; };
		6ECD16481E7A2E0500E3AB7B /* main.m in Sources */ = {isa = PBXBuildFile; fileRef = 6ECD16471E7A2E0500E3AB7B /* main.m */; };
		6ECD164B1E7A2E0500E3AB7B /* AppDelegate.m in Sources */ = {isa = PBXBuildFile; fileRef = 6ECD164A1E7A2E0500E3AB7B /* AppDelegate.m */; };
		6ECD164E1E7A2E0500E3AB7B /* ViewController.m in Sources */ = {isa = PBXBuildFile; fileRef = 6ECD164D1E7A2E0500E3AB7B /* ViewController.m */; };
		6ECD16511E7A2E0500E3AB7B /* Main.storyboard in Resources */ = {isa = PBXBuildFile; fileRef = 6ECD164F1E7A2E0500E3AB7B /* Main.storyboard */; };
		6ECD16531E7A2E0500E3AB7B /* Assets.xcassets in Resources */ = {isa = PBXBuildFile; fileRef = 6ECD16521E7A2E0500E3AB7B /* Assets.xcassets */; };
		6ECD16561E7A2E0500E3AB7B /* LaunchScreen.storyboard in Resources */ = {isa = PBXBuildFile; fileRef = 6ECD16541E7A2E0500E3AB7B /* LaunchScreen.storyboard */; };
		6ECD16611E7A2E0600E3AB7B /* JSDemoTests.m in Sources */ = {isa = PBXBuildFile; fileRef = 6ECD16601E7A2E0600E3AB7B /* JSDemoTests.m */; };
		6ECD166C1E7A2E0600E3AB7B /* JSDemoUITests.m in Sources */ = {isa = PBXBuildFile; fileRef = 6ECD166B1E7A2E0600E3AB7B /* JSDemoUITests.m */; };
/* End PBXBuildFile section */

/* Begin PBXContainerItemProxy section */
		6ECD165D1E7A2E0600E3AB7B /* PBXContainerItemProxy */ = {
			isa = PBXContainerItemProxy;
			containerPortal = 6ECD163B1E7A2E0500E3AB7B /* Project object */;
			proxyType = 1;
			remoteGlobalIDString = 6ECD16421E7A2E0500E3AB7B;
			remoteInfo = JSDemo;
		};
		6ECD16681E7A2E0600E3AB7B /* PBXContainerItemProxy */ = {
			isa = PBXContainerItemProxy;
			containerPortal = 6ECD163B1E7A2E0500E3AB7B /* Project object */;
			proxyType = 1;
			remoteGlobalIDString = 6ECD16421E7A2E0500E3AB7B;
			remoteInfo = JSDemo;
		};
/* End PBXContainerItemProxy section */

/* Begin PBXFileReference section */
		6EB033AF1E7A373900D54436 /* JavaScriptCore.framework */ = {isa = PBXFileReference; lastKnownFileType = wrapper.framework; name = JavaScriptCore.framework; path = System/Library/Frameworks/JavaScriptCore.framework; sourceTree = SDKROOT; };
		6EB033B61E7A777700D54436 /* config */ = {isa = PBXFileReference; lastKnownFileType = folder; path = config; sourceTree = "<group>"; };
		6EB033B71E7A777700D54436 /* css */ = {isa = PBXFileReference; lastKnownFileType = folder; path = css; sourceTree = "<group>"; };
		6EB033B81E7A777700D54436 /* img */ = {isa = PBXFileReference; lastKnownFileType = folder; path = img; sourceTree = "<group>"; };
		6EB033B91E7A777700D54436 /* index.html */ = {isa = PBXFileReference; fileEncoding = 4; lastKnownFileType = text.html; path = index.html; sourceTree = "<group>"; };
		6EB033BA1E7A777700D54436 /* js */ = {isa = PBXFileReference; lastKnownFileType = folder; path = js; sourceTree = "<group>"; };
		6EB033BB1E7A777700D54436 /* view */ = {isa = PBXFileReference; lastKnownFileType = folder; path = view; sourceTree = "<group>"; };
		6ECD16431E7A2E0500E3AB7B /* JSDemo.app */ = {isa = PBXFileReference; explicitFileType = wrapper.application; includeInIndex = 0; path = JSDemo.app; sourceTree = BUILT_PRODUCTS_DIR; };
		6ECD16471E7A2E0500E3AB7B /* main.m */ = {isa = PBXFileReference; lastKnownFileType = sourcecode.c.objc; path = main.m; sourceTree = "<group>"; };
		6ECD16491E7A2E0500E3AB7B /* AppDelegate.h */ = {isa = PBXFileReference; lastKnownFileType = sourcecode.c.h; path = AppDelegate.h; sourceTree = "<group>"; };
		6ECD164A1E7A2E0500E3AB7B /* AppDelegate.m */ = {isa = PBXFileReference; lastKnownFileType = sourcecode.c.objc; path = AppDelegate.m; sourceTree = "<group>"; };
		6ECD164C1E7A2E0500E3AB7B /* ViewController.h */ = {isa = PBXFileReference; lastKnownFileType = sourcecode.c.h; path = ViewController.h; sourceTree = "<group>"; };
		6ECD164D1E7A2E0500E3AB7B /* ViewController.m */ = {isa = PBXFileReference; lastKnownFileType = sourcecode.c.objc; path = ViewController.m; sourceTree = "<group>"; };
		6ECD16501E7A2E0500E3AB7B /* Base */ = {isa = PBXFileReference; lastKnownFileType = file.storyboard; name = Base; path = Base.lproj/Main.storyboard; sourceTree = "<group>"; };
		6ECD16521E7A2E0500E3AB7B /* Assets.xcassets */ = {isa = PBXFileReference; lastKnownFileType = folder.assetcatalog; path = Assets.xcassets; sourceTree = "<group>"; };
		6ECD16551E7A2E0500E3AB7B /* Base */ = {isa = PBXFileReference; lastKnownFileType = file.storyboard; name = Base; path = Base.lproj/LaunchScreen.storyboard; sourceTree = "<group>"; };
		6ECD16571E7A2E0500E3AB7B /* Info.plist */ = {isa = PBXFileReference; lastKnownFileType = text.plist.xml; path = Info.plist; sourceTree = "<group>"; };
		6ECD165C1E7A2E0600E3AB7B /* JSDemoTests.xctest */ = {isa = PBXFileReference; explicitFileType = wrapper.cfbundle; includeInIndex = 0; path = JSDemoTests.xctest; sourceTree = BUILT_PRODUCTS_DIR; };
		6ECD16601E7A2E0600E3AB7B /* JSDemoTests.m */ = {isa = PBXFileReference; lastKnownFileType = sourcecode.c.objc; path = JSDemoTests.m; sourceTree = "<group>"; };
		6ECD16621E7A2E0600E3AB7B /* Info.plist */ = {isa = PBXFileReference; lastKnownFileType = text.plist.xml; path = Info.plist; sourceTree = "<group>"; };
		6ECD16671E7A2E0600E3AB7B /* JSDemoUITests.xctest */ = {isa = PBXFileReference; explicitFileType = wrapper.cfbundle; includeInIndex = 0; path = JSDemoUITests.xctest; sourceTree = BUILT_PRODUCTS_DIR; };
		6ECD166B1E7A2E0600E3AB7B /* JSDemoUITests.m */ = {isa = PBXFileReference; lastKnownFileType = sourcecode.c.objc; path = JSDemoUITests.m; sourceTree = "<group>"; };
		6ECD166D1E7A2E0600E3AB7B /* Info.plist */ = {isa = PBXFileReference; lastKnownFileType = text.plist.xml; path = Info.plist; sourceTree = "<group>"; };
/* End PBXFileReference section */

/* Begin PBXFrameworksBuildPhase section */
		6ECD16401E7A2E0500E3AB7B /* Frameworks */ = {
			isa = PBXFrameworksBuildPhase;
			buildActionMask = 2147483647;
			files = (
				6EB033B01E7A373900D54436 /* JavaScriptCore.framework in Frameworks */,
			);
			runOnlyForDeploymentPostprocessing = 0;
		};
		6ECD16591E7A2E0600E3AB7B /* Frameworks */ = {
			isa = PBXFrameworksBuildPhase;
			buildActionMask = 2147483647;
			files = (
			);
			runOnlyForDeploymentPostprocessing = 0;
		};
		6ECD16641E7A2E0600E3AB7B /* Frameworks */ = {
			isa = PBXFrameworksBuildPhase;
			buildActionMask = 2147483647;
			files = (
			);
			runOnlyForDeploymentPostprocessing = 0;
		};
/* End PBXFrameworksBuildPhase section */

/* Begin PBXGroup section */
		6ECD163A1E7A2E0500E3AB7B = {
			isa = PBXGroup;
			children = (
				6EB033AF1E7A373900D54436 /* JavaScriptCore.framework */,
				6ECD16451E7A2E0500E3AB7B /* JSDemo */,
				6ECD165F1E7A2E0600E3AB7B /* JSDemoTests */,
				6ECD166A1E7A2E0600E3AB7B /* JSDemoUITests */,
				6ECD16441E7A2E0500E3AB7B /* Products */,
			);
			sourceTree = "<group>";
		};
		6ECD16441E7A2E0500E3AB7B /* Products */ = {
			isa = PBXGroup;
			children = (
				6ECD16431E7A2E0500E3AB7B /* JSDemo.app */,
				6ECD165C1E7A2E0600E3AB7B /* JSDemoTests.xctest */,
				6ECD16671E7A2E0600E3AB7B /* JSDemoUITests.xctest */,
			);
			name = Products;
			sourceTree = "<group>";
		};
		6ECD16451E7A2E0500E3AB7B /* JSDemo */ = {
			isa = PBXGroup;
			children = (
				6ECD16491E7A2E0500E3AB7B /* AppDelegate.h */,
				6ECD164A1E7A2E0500E3AB7B /* AppDelegate.m */,
				6ECD164C1E7A2E0500E3AB7B /* ViewController.h */,
				6ECD164D1E7A2E0500E3AB7B /* ViewController.m */,
				6ECD164F1E7A2E0500E3AB7B /* Main.storyboard */,
				6ECD16521E7A2E0500E3AB7B /* Assets.xcassets */,
				6ECD16541E7A2E0500E3AB7B /* LaunchScreen.storyboard */,
				6ECD16571E7A2E0500E3AB7B /* Info.plist */,
				6ECD16461E7A2E0500E3AB7B /* Supporting Files */,
			);
			path = JSDemo;
			sourceTree = "<group>";
		};
		6ECD16461E7A2E0500E3AB7B /* Supporting Files */ = {
			isa = PBXGroup;
			children = (
				6EB033B61E7A777700D54436 /* config */,
				6EB033B71E7A777700D54436 /* css */,
				6EB033B81E7A777700D54436 /* img */,
				6EB033BA1E7A777700D54436 /* js */,
				6EB033BB1E7A777700D54436 /* view */,
				6ECD16471E7A2E0500E3AB7B /* main.m */,
				6EB033B91E7A777700D54436 /* index.html */,
			);
			name = "Supporting Files";
			sourceTree = "<group>";
		};
		6ECD165F1E7A2E0600E3AB7B /* JSDemoTests */ = {
			isa = PBXGroup;
			children = (
				6ECD16601E7A2E0600E3AB7B /* JSDemoTests.m */,
				6ECD16621E7A2E0600E3AB7B /* Info.plist */,
			);
			path = JSDemoTests;
			sourceTree = "<group>";
		};
		6ECD166A1E7A2E0600E3AB7B /* JSDemoUITests */ = {
			isa = PBXGroup;
			children = (
				6ECD166B1E7A2E0600E3AB7B /* JSDemoUITests.m */,
				6ECD166D1E7A2E0600E3AB7B /* Info.plist */,
			);
			path = JSDemoUITests;
			sourceTree = "<group>";
		};
/* End PBXGroup section */

/* Begin PBXNativeTarget section */
		6ECD16421E7A2E0500E3AB7B /* JSDemo */ = {
			isa = PBXNativeTarget;
			buildConfigurationList = 6ECD16701E7A2E0600E3AB7B /* Build configuration list for PBXNativeTarget "JSDemo" */;
			buildPhases = (
				6ECD163F1E7A2E0500E3AB7B /* Sources */,
				6ECD16401E7A2E0500E3AB7B /* Frameworks */,
				6ECD16411E7A2E0500E3AB7B /* Resources */,
			);
			buildRules = (
			);
			dependencies = (
			);
			name = JSDemo;
			productName = JSDemo;
			productReference = 6ECD16431E7A2E0500E3AB7B /* JSDemo.app */;
			productType = "com.apple.product-type.application";
		};
		6ECD165B1E7A2E0600E3AB7B /* JSDemoTests */ = {
			isa = PBXNativeTarget;
			buildConfigurationList = 6ECD16731E7A2E0600E3AB7B /* Build configuration list for PBXNativeTarget "JSDemoTests" */;
			buildPhases = (
				6ECD16581E7A2E0600E3AB7B /* Sources */,
				6ECD16591E7A2E0600E3AB7B /* Frameworks */,
				6ECD165A1E7A2E0600E3AB7B /* Resources */,
			);
			buildRules = (
			);
			dependencies = (
				6ECD165E1E7A2E0600E3AB7B /* PBXTargetDependency */,
			);
			name = JSDemoTests;
			productName = JSDemoTests;
			productReference = 6ECD165C1E7A2E0600E3AB7B /* JSDemoTests.xctest */;
			productType = "com.apple.product-type.bundle.unit-test";
		};
		6ECD16661E7A2E0600E3AB7B /* JSDemoUITests */ = {
			isa = PBXNativeTarget;
			buildConfigurationList = 6ECD16761E7A2E0600E3AB7B /* Build configuration list for PBXNativeTarget "JSDemoUITests" */;
			buildPhases = (
				6ECD16631E7A2E0600E3AB7B /* Sources */,
				6ECD16641E7A2E0600E3AB7B /* Frameworks */,
				6ECD16651E7A2E0600E3AB7B /* Resources */,
			);
			buildRules = (
			);
			dependencies = (
				6ECD16691E7A2E0600E3AB7B /* PBXTargetDependency */,
			);
			name = JSDemoUITests;
			productName = JSDemoUITests;
			productReference = 6ECD16671E7A2E0600E3AB7B /* JSDemoUITests.xctest */;
			productType = "com.apple.product-type.bundle.ui-testing";
		};
/* End PBXNativeTarget section */

/* Begin PBXProject section */
		6ECD163B1E7A2E0500E3AB7B /* Project object */ = {
			isa = PBXProject;
			attributes = {
				LastUpgradeCheck = 0730;
				ORGANIZATIONNAME = tjx;
				TargetAttributes = {
					6ECD16421E7A2E0500E3AB7B = {
						CreatedOnToolsVersion = 7.3.1;
					};
					6ECD165B1E7A2E0600E3AB7B = {
						CreatedOnToolsVersion = 7.3.1;
						TestTargetID = 6ECD16421E7A2E0500E3AB7B;
					};
					6ECD16661E7A2E0600E3AB7B = {
						CreatedOnToolsVersion = 7.3.1;
						TestTargetID = 6ECD16421E7A2E0500E3AB7B;
					};
				};
			};
			buildConfigurationList = 6ECD163E1E7A2E0500E3AB7B /* Build configuration list for PBXProject "JSDemo" */;
			compatibilityVersion = "Xcode 3.2";
			developmentRegion = English;
			hasScannedForEncodings = 0;
			knownRegions = (
				en,
				Base,
			);
			mainGroup = 6ECD163A1E7A2E0500E3AB7B;
			productRefGroup = 6ECD16441E7A2E0500E3AB7B /* Products */;
			projectDirPath = "";
			projectRoot = "";
			targets = (
				6ECD16421E7A2E0500E3AB7B /* JSDemo */,
				6ECD165B1E7A2E0600E3AB7B /* JSDemoTests */,
				6ECD16661E7A2E0600E3AB7B /* JSDemoUITests */,
			);
		};
/* End PBXProject section */

/* Begin PBXResourcesBuildPhase section */
		6ECD16411E7A2E0500E3AB7B /* Resources */ = {
			isa = PBXResourcesBuildPhase;
			buildActionMask = 2147483647;
			files = (
				6EB033BE1E7A777700D54436 /* css in Resources */,
				6EB033C11E7A777700D54436 /* js in Resources */,
				6EB033BD1E7A777700D54436 /* config in Resources */,
				6EB033BF1E7A777700D54436 /* img in Resources */,
				6ECD16561E7A2E0500E3AB7B /* LaunchScreen.storyboard in Resources */,
				6EB033C21E7A777700D54436 /* view in Resources */,
				6ECD16531E7A2E0500E3AB7B /* Assets.xcassets in Resources */,
				6EB033C01E7A777700D54436 /* index.html in Resources */,
				6ECD16511E7A2E0500E3AB7B /* Main.storyboard in Resources */,
			);
			runOnlyForDeploymentPostprocessing = 0;
		};
		6ECD165A1E7A2E0600E3AB7B /* Resources */ = {
			isa = PBXResourcesBuildPhase;
			buildActionMask = 2147483647;
			files = (
			);
			runOnlyForDeploymentPostprocessing = 0;
		};
		6ECD16651E7A2E0600E3AB7B /* Resources */ = {
			isa = PBXResourcesBuildPhase;
			buildActionMask = 2147483647;
			files = (
			);
			runOnlyForDeploymentPostprocessing = 0;
		};
/* End PBXResourcesBuildPhase section */

/* Begin PBXSourcesBuildPhase section */
		6ECD163F1E7A2E0500E3AB7B /* Sources */ = {
			isa = PBXSourcesBuildPhase;
			buildActionMask = 2147483647;
			files = (
				6ECD164E1E7A2E0500E3AB7B /* ViewController.m in Sources */,
				6ECD164B1E7A2E0500E3AB7B /* AppDelegate.m in Sources */,
				6ECD16481E7A2E0500E3AB7B /* main.m in Sources */,
			);
			runOnlyForDeploymentPostprocessing = 0;
		};
		6ECD16581E7A2E0600E3AB7B /* Sources */ = {
			isa = PBXSourcesBuildPhase;
			buildActionMask = 2147483647;
			files = (
				6ECD16611E7A2E0600E3AB7B /* JSDemoTests.m in Sources */,
			);
			runOnlyForDeploymentPostprocessing = 0;
		};
		6ECD16631E7A2E0600E3AB7B /* Sources */ = {
			isa = PBXSourcesBuildPhase;
			buildActionMask = 2147483647;
			files = (
				6ECD166C1E7A2E0600E3AB7B /* JSDemoUITests.m in Sources */,
			);
			runOnlyForDeploymentPostprocessing = 0;
		};
/* End PBXSourcesBuildPhase section */

/* Begin PBXTargetDependency section */
		6ECD165E1E7A2E0600E3AB7B /* PBXTargetDependency */ = {
			isa = PBXTargetDependency;
			target = 6ECD16421E7A2E0500E3AB7B /* JSDemo */;
			targetProxy = 6ECD165D1E7A2E0600E3AB7B /* PBXContainerItemProxy */;
		};
		6ECD16691E7A2E0600E3AB7B /* PBXTargetDependency */ = {
			isa = PBXTargetDependency;
			target = 6ECD16421E7A2E0500E3AB7B /* JSDemo */;
			targetProxy = 6ECD16681E7A2E0600E3AB7B /* PBXContainerItemProxy */;
		};
/* End PBXTargetDependency section */

/* Begin PBXVariantGroup section */
		6ECD164F1E7A2E0500E3AB7B /* Main.storyboard */ = {
			isa = PBXVariantGroup;
			children = (
				6ECD16501E7A2E0500E3AB7B /* Base */,
			);
			name = Main.storyboard;
			sourceTree = "<group>";
		};
		6ECD16541E7A2E0500E3AB7B /* LaunchScreen.storyboard */ = {
			isa = PBXVariantGroup;
			children = (
				6ECD16551E7A2E0500E3AB7B /* Base */,
			);
			name = LaunchScreen.storyboard;
			sourceTree = "<group>";
		};
/* End PBXVariantGroup section */

/* Begin XCBuildConfiguration section */
		6ECD166E1E7A2E0600E3AB7B /* Debug */ = {
			isa = XCBuildConfiguration;
			buildSettings = {
				ALWAYS_SEARCH_USER_PATHS = NO;
				CLANG_ANALYZER_NONNULL = YES;
				CLANG_CXX_LANGUAGE_STANDARD = "gnu++0x";
				CLANG_CXX_LIBRARY = "libc++";
				CLANG_ENABLE_MODULES = YES;
				CLANG_ENABLE_OBJC_ARC = YES;
				CLANG_WARN_BOOL_CONVERSION = YES;
				CLANG_WARN_CONSTANT_CONVERSION = YES;
				CLANG_WARN_DIRECT_OBJC_ISA_USAGE = YES_ERROR;
				CLANG_WARN_EMPTY_BODY = YES;
				CLANG_WARN_ENUM_CONVERSION = YES;
				CLANG_WARN_INT_CONVERSION = YES;
				CLANG_WARN_OBJC_ROOT_CLASS = YES_ERROR;
				CLANG_WARN_UNREACHABLE_CODE = YES;
				CLANG_WARN__DUPLICATE_METHOD_MATCH = YES;
				"CODE_SIGN_IDENTITY[sdk=iphoneos*]" = "iPhone Developer";
				COPY_PHASE_STRIP = NO;
				DEBUG_INFORMATION_FORMAT = dwarf;
				ENABLE_STRICT_OBJC_MSGSEND = YES;
				ENABLE_TESTABILITY = YES;
				GCC_C_LANGUAGE_STANDARD = gnu99;
				GCC_DYNAMIC_NO_PIC = NO;
				GCC_NO_COMMON_BLOCKS = YES;
				GCC_OPTIMIZATION_LEVEL = 0;
				GCC_PREPROCESSOR_DEFINITIONS = (
					"DEBUG=1",
					"$(inherited)",
				);
				GCC_WARN_64_TO_32_BIT_CONVERSION = YES;
				GCC_WARN_ABOUT_RETURN_TYPE = YES_ERROR;
				GCC_WARN_UNDECLARED_SELECTOR = YES;
				GCC_WARN_UNINITIALIZED_AUTOS = YES_AGGRESSIVE;
				GCC_WARN_UNUSED_FUNCTION = YES;
				GCC_WARN_UNUSED_VARIABLE = YES;
				IPHONEOS_DEPLOYMENT_TARGET = 9.3;
				MTL_ENABLE_DEBUG_INFO = YES;
				ONLY_ACTIVE_ARCH = YES;
				SDKROOT = iphoneos;
				TARGETED_DEVICE_FAMILY = "1,2";
			};
			name = Debug;
		};
		6ECD166F1E7A2E0600E3AB7B /* Release */ = {
			isa = XCBuildConfiguration;
			buildSettings = {
				ALWAYS_SEARCH_USER_PATHS = NO;
				CLANG_ANALYZER_NONNULL = YES;
				CLANG_CXX_LANGUAGE_STANDARD = "gnu++0x";
				CLANG_CXX_LIBRARY = "libc++";
				CLANG_ENABLE_MODULES = YES;
				CLANG_ENABLE_OBJC_ARC = YES;
				CLANG_WARN_BOOL_CONVERSION = YES;
				CLANG_WARN_CONSTANT_CONVERSION = YES;
				CLANG_WARN_DIRECT_OBJC_ISA_USAGE = YES_ERROR;
				CLANG_WARN_EMPTY_BODY = YES;
				CLANG_WARN_ENUM_CONVERSION = YES;
				CLANG_WARN_INT_CONVERSION = YES;
				CLANG_WARN_OBJC_ROOT_CLASS = YES_ERROR;
				CLANG_WARN_UNREACHABLE_CODE = YES;
				CLANG_WARN__DUPLICATE_METHOD_MATCH = YES;
				"CODE_SIGN_IDENTITY[sdk=iphoneos*]" = "iPhone Developer";
				COPY_PHASE_STRIP = NO;
				DEBUG_INFORMATION_FORMAT = "dwarf-with-dsym";
				ENABLE_NS_ASSERTIONS = NO;
				ENABLE_STRICT_OBJC_MSGSEND = YES;
				GCC_C_LANGUAGE_STANDARD = gnu99;
				GCC_NO_COMMON_BLOCKS = YES;
				GCC_WARN_64_TO_32_BIT_CONVERSION = YES;
				GCC_WARN_ABOUT_RETURN_TYPE = YES_ERROR;
				GCC_WARN_UNDECLARED_SELECTOR = YES;
				GCC_WARN_UNINITIALIZED_AUTOS = YES_AGGRESSIVE;
				GCC_WARN_UNUSED_FUNCTION = YES;
				GCC_WARN_UNUSED_VARIABLE = YES;
				IPHONEOS_DEPLOYMENT_TARGET = 9.3;
				MTL_ENABLE_DEBUG_INFO = NO;
				SDKROOT = iphoneos;
				TARGETED_DEVICE_FAMILY = "1,2";
				VALIDATE_PRODUCT = YES;
			};
			name = Release;
		};
		6ECD16711E7A2E0600E3AB7B /* Debug */ = {
			isa = XCBuildConfiguration;
			buildSettings = {
				ASSETCATALOG_COMPILER_APPICON_NAME = AppIcon;
				INFOPLIST_FILE = JSDemo/Info.plist;
				LD_RUNPATH_SEARCH_PATHS = "$(inherited) @executable_path/Frameworks";
				PRODUCT_BUNDLE_IDENTIFIER = tjx.JSDemo;
				PRODUCT_NAME = "$(TARGET_NAME)";
			};
			name = Debug;
		};
		6ECD16721E7A2E0600E3AB7B /* Release */ = {
			isa = XCBuildConfiguration;
			buildSettings = {
				ASSETCATALOG_COMPILER_APPICON_NAME = AppIcon;
				INFOPLIST_FILE = JSDemo/Info.plist;
				LD_RUNPATH_SEARCH_PATHS = "$(inherited) @executable_path/Frameworks";
				PRODUCT_BUNDLE_IDENTIFIER = tjx.JSDemo;
				PRODUCT_NAME = "$(TARGET_NAME)";
			};
			name = Release;
		};
		6ECD16741E7A2E0600E3AB7B /* Debug */ = {
			isa = XCBuildConfiguration;
			buildSettings = {
				BUNDLE_LOADER = "$(TEST_HOST)";
				INFOPLIST_FILE = JSDemoTests/Info.plist;
				LD_RUNPATH_SEARCH_PATHS = "$(inherited) @executable_path/Frameworks @loader_path/Frameworks";
				PRODUCT_BUNDLE_IDENTIFIER = tjx.JSDemoTests;
				PRODUCT_NAME = "$(TARGET_NAME)";
				TEST_HOST = "$(BUILT_PRODUCTS_DIR)/JSDemo.app/JSDemo";
			};
			name = Debug;
		};
		6ECD16751E7A2E0600E3AB7B /* Release */ = {
			isa = XCBuildConfiguration;
			buildSettings = {
				BUNDLE_LOADER = "$(TEST_HOST)";
				INFOPLIST_FILE = JSDemoTests/Info.plist;
				LD_RUNPATH_SEARCH_PATHS = "$(inherited) @executable_path/Frameworks @loader_path/Frameworks";
				PRODUCT_BUNDLE_IDENTIFIER = tjx.JSDemoTests;
				PRODUCT_NAME = "$(TARGET_NAME)";
				TEST_HOST = "$(BUILT_PRODUCTS_DIR)/JSDemo.app/JSDemo";
			};
			name = Release;
		};
		6ECD16771E7A2E0600E3AB7B /* Debug */ = {
			isa = XCBuildConfiguration;
			buildSettings = {
				INFOPLIST_FILE = JSDemoUITests/Info.plist;
				LD_RUNPATH_SEARCH_PATHS = "$(inherited) @executable_path/Frameworks @loader_path/Frameworks";
				PRODUCT_BUNDLE_IDENTIFIER = tjx.JSDemoUITests;
				PRODUCT_NAME = "$(TARGET_NAME)";
				TEST_TARGET_NAME = JSDemo;
			};
			name = Debug;
		};
		6ECD16781E7A2E0600E3AB7B /* Release */ = {
			isa = XCBuildConfiguration;
			buildSettings = {
				INFOPLIST_FILE = JSDemoUITests/Info.plist;
				LD_RUNPATH_SEARCH_PATHS = "$(inherited) @executable_path/Frameworks @loader_path/Frameworks";
				PRODUCT_BUNDLE_IDENTIFIER = tjx.JSDemoUITests;
				PRODUCT_NAME = "$(TARGET_NAME)";
				TEST_TARGET_NAME = JSDemo;
			};
			name = Release;
		};
/* End XCBuildConfiguration section */

/* Begin XCConfigurationList section */
		6ECD163E1E7A2E0500E3AB7B /* Build configuration list for PBXProject "JSDemo" */ = {
			isa = XCConfigurationList;
			buildConfigurations = (
				6ECD166E1E7A2E0600E3AB7B /* Debug */,
				6ECD166F1E7A2E0600E3AB7B /* Release */,
			);
			defaultConfigurationIsVisible = 0;
			defaultConfigurationName = Release;
		};
		6ECD16701E7A2E0600E3AB7B /* Build configuration list for PBXNativeTarget "JSDemo" */ = {
			isa = XCConfigurationList;
			buildConfigurations = (
				6ECD16711E7A2E0600E3AB7B /* Debug */,
				6ECD16721E7A2E0600E3AB7B /* Release */,
			);
			defaultConfigurationIsVisible = 0;
			defaultConfigurationName = Release;
		};
		6ECD16731E7A2E0600E3AB7B /* Build configuration list for PBXNativeTarget "JSDemoTests" */ = {
			isa = XCConfigurationList;
			buildConfigurations = (
				6ECD16741E7A2E0600E3AB7B /* Debug */,
				6ECD16751E7A2E0600E3AB7B /* Release */,
			);
			defaultConfigurationIsVisible = 0;
			defaultConfigurationName = Release;
		};
		6ECD16761E7A2E0600E3AB7B /* Build configuration list for PBXNativeTarget "JSDemoUITests" */ = {
			isa = XCConfigurationList;
			buildConfigurations = (
				6ECD16771E7A2E0600E3AB7B /* Debug */,
				6ECD16781E7A2E0600E3AB7B /* Release */,
			);
			defaultConfigurationIsVisible = 0;
			defaultConfigurationName = Release;
		};
/* End XCConfigurationList section */
	};
	rootObject = 6ECD163B1E7A2E0500E3AB7B /* Project object */;
}
